
Microsoft Visual Studio Solution File, Format Version 12.00
# Visual Studio Version 17
VisualStudioVersion = 17.9.34616.47
MinimumVisualStudioVersion = 10.0.40219.1
Project("{9A19103F-16F7-4668-BE54-9A1E7A4F7556}") = "H5ToDoList", "H5ToDoList\H5ToDoList.csproj", "{515C23C9-B1AC-45A7-9EFE-5B0FEF032EFE}"
EndProject
Global
	GlobalSection(SolutionConfigurationPlatforms) = preSolution
		Debug|Any CPU = Debug|Any CPU
		Release|Any CPU = Release|Any CPU
	EndGlobalSection
	GlobalSection(ProjectConfigurationPlatforms) = postSolution
		{515C23C9-B1AC-45A7-9EFE-5B0FEF032EFE}.Debug|Any CPU.ActiveCfg = Debug|Any CPU
		{515C23C9-B1AC-45A7-9EFE-5B0FEF032EFE}.Debug|Any CPU.Build.0 = Debug|Any CPU
		{515C23C9-B1AC-45A7-9EFE-5B0FEF032EFE}.Release|Any CPU.ActiveCfg = Release|Any CPU
		{515C23C9-B1AC-45A7-9EFE-5B0FEF032EFE}.Release|Any CPU.Build.0 = Release|Any CPU
	EndGlobalSection
	GlobalSection(SolutionProperties) = preSolution
		HideSolutionNode = FALSE
	EndGlobalSection
	GlobalSection(ExtensibilityGlobals) = postSolution
		SolutionGuid = {FB86B5FC-F633-429A-9EEB-2476D374320A}
	EndGlobalSection
EndGlobal
